// !$*UTF8*$!
{
	archiveVersion = 1;
	classes = {
	};
	objectVersion = 56;
	objects = {

/* Begin PBXBuildFile section */
		E1CC77C02D93154D00357D77 /* ContentView.swift in Sources */ = {isa = PBXBuildFile; fileRef = E1CC77BD2D93154D00357D77 /* ContentView.swift */; };
		E1CC77C12D93154D00357D77 /* TranscriptionManager.swift in Sources */ = {isa = PBXBuildFile; fileRef = E1CC77B02D93154D00357D77 /* TranscriptionManager.swift */; };
		E1CC77C22D93154D00357D77 /* AudioRecorder.swift in Sources */ = {isa = PBXBuildFile; fileRef = E1CC77AE2D93154D00357D77 /* AudioRecorder.swift */; };
		E1CC77C32D93154D00357D77 /* KeyboardMonitor.swift in Sources */ = {isa = PBXBuildFile; fileRef = E1CC77AF2D93154D00357D77 /* KeyboardMonitor.swift */; };
		E1CC77C42D93154D00357D77 /* StatusBarOverlayWindow.swift in Sources */ = {isa = PBXBuildFile; fileRef = E1CC77BB2D93154D00357D77 /* StatusBarOverlayWindow.swift */; };
		E1CC77C52D93154D00357D77 /* Models.swift in Sources */ = {isa = PBXBuildFile; fileRef = E1CC77AC2D93154D00357D77 /* Models.swift */; };
		E1CC77C62D93154D00357D77 /* AppDelegate.swift in Sources */ = {isa = PBXBuildFile; fileRef = E1CC77A42D93154D00357D77 /* AppDelegate.swift */; };
		E1CC77C72D93154D00357D77 /* SettingsView.swift in Sources */ = {isa = PBXBuildFile; fileRef = E1CC77B82D93154D00357D77 /* SettingsView.swift */; };
		E1CC77C82D93154D00357D77 /* StatusBarManager.swift in Sources */ = {isa = PBXBuildFile; fileRef = E1CC77BA2D93154D00357D77 /* StatusBarManager.swift */; };
		E1CC77C92D93154D00357D77 /* AppDelegate+Extension.swift in Sources */ = {isa = PBXBuildFile; fileRef = E1CC77A52D93154D00357D77 /* AppDelegate+Extension.swift */; };
		E1CC77CA2D93154D00357D77 /* KeyCodeDebugger.swift in Sources */ = {isa = PBXBuildFile; fileRef = E1CC77B22D93154D00357D77 /* KeyCodeDebugger.swift */; };
		E1CC77CB2D93154D00357D77 /* KwisperApp.swift in Sources */ = {isa = PBXBuildFile; fileRef = E1CC77A62D93154D00357D77 /* KwisperApp.swift */; };
		E1CC77CC2D93154D00357D77 /* config.json in Resources */ = {isa = PBXBuildFile; fileRef = E1CC77AA2D93154D00357D77 /* config.json */; };
		E1CC77CE2D93154D00357D77 /* Info.plist in Resources */ = {isa = PBXBuildFile; fileRef = E1CC77B62D93154D00357D77 /* Info.plist */; };
		E1CC77CF2D93154D00357D77 /* Assets.xcassets in Resources */ = {isa = PBXBuildFile; fileRef = E1CC77B52D93154D00357D77 /* Assets.xcassets */; };
		E1CC77D42D93658800357D77 /* StatusBarButtonView.swift in Sources */ = {isa = PBXBuildFile; fileRef = E1CC77D32D93658800357D77 /* StatusBarButtonView.swift */; };
		E1FFE2732D919F5000716C89 /* OpenAI in Frameworks */ = {isa = PBXBuildFile; productRef = E1FFE2722D919F5000716C89 /* OpenAI */; };
/* End PBXBuildFile section */

/* Begin PBXFileReference section */
		400000000000000000000001 /* Kwisper.app */ = {isa = PBXFileReference; explicitFileType = wrapper.application; includeInIndex = 0; path = Kwisper.app; sourceTree = BUILT_PRODUCTS_DIR; };
		600000000000000000000008 /* Info.plist */ = {isa = PBXFileReference; lastKnownFileType = text.plist.xml; path = Info.plist; sourceTree = "<group>"; };
		E1CC77A42D93154D00357D77 /* AppDelegate.swift */ = {isa = PBXFileReference; lastKnownFileType = sourcecode.swift; path = AppDelegate.swift; sourceTree = "<group>"; };
		E1CC77A52D93154D00357D77 /* AppDelegate+Extension.swift */ = {isa = PBXFileReference; lastKnownFileType = sourcecode.swift; path = "AppDelegate+Extension.swift"; sourceTree = "<group>"; };
		E1CC77A62D93154D00357D77 /* KwisperApp.swift */ = {isa = PBXFileReference; lastKnownFileType = sourcecode.swift; path = KwisperApp.swift; sourceTree = "<group>"; };
		E1CC77AA2D93154D00357D77 /* config.json */ = {isa = PBXFileReference; lastKnownFileType = text.json; path = config.json; sourceTree = "<group>"; };
		E1CC77AC2D93154D00357D77 /* Models.swift */ = {isa = PBXFileReference; lastKnownFileType = sourcecode.swift; path = Models.swift; sourceTree = "<group>"; };
		E1CC77AE2D93154D00357D77 /* AudioRecorder.swift */ = {isa = PBXFileReference; lastKnownFileType = sourcecode.swift; path = AudioRecorder.swift; sourceTree = "<group>"; };
		E1CC77AF2D93154D00357D77 /* KeyboardMonitor.swift */ = {isa = PBXFileReference; lastKnownFileType = sourcecode.swift; path = KeyboardMonitor.swift; sourceTree = "<group>"; };
		E1CC77B02D93154D00357D77 /* TranscriptionManager.swift */ = {isa = PBXFileReference; lastKnownFileType = sourcecode.swift; path = TranscriptionManager.swift; sourceTree = "<group>"; };
		E1CC77B22D93154D00357D77 /* KeyCodeDebugger.swift */ = {isa = PBXFileReference; lastKnownFileType = sourcecode.swift; path = KeyCodeDebugger.swift; sourceTree = "<group>"; };
		E1CC77B52D93154D00357D77 /* Assets.xcassets */ = {isa = PBXFileReference; lastKnownFileType = folder.assetcatalog; path = Assets.xcassets; sourceTree = "<group>"; };
		E1CC77B62D93154D00357D77 /* Info.plist */ = {isa = PBXFileReference; lastKnownFileType = text.plist.xml; path = Info.plist; sourceTree = "<group>"; };
		E1CC77B82D93154D00357D77 /* SettingsView.swift */ = {isa = PBXFileReference; lastKnownFileType = sourcecode.swift; path = SettingsView.swift; sourceTree = "<group>"; };
		E1CC77BA2D93154D00357D77 /* StatusBarManager.swift */ = {isa = PBXFileReference; lastKnownFileType = sourcecode.swift; path = StatusBarManager.swift; sourceTree = "<group>"; };
		E1CC77BB2D93154D00357D77 /* StatusBarOverlayWindow.swift */ = {isa = PBXFileReference; lastKnownFileType = sourcecode.swift; path = StatusBarOverlayWindow.swift; sourceTree = "<group>"; };
		E1CC77BD2D93154D00357D77 /* ContentView.swift */ = {isa = PBXFileReference; lastKnownFileType = sourcecode.swift; path = ContentView.swift; sourceTree = "<group>"; };
		E1CC77D02D9327E000357D77 /* Kwisper.entitlements */ = {isa = PBXFileReference; lastKnownFileType = text.plist.entitlements; path = Kwisper.entitlements; sourceTree = "<group>"; };
		E1CC77D32D93658800357D77 /* StatusBarButtonView.swift */ = {isa = PBXFileReference; lastKnownFileType = sourcecode.swift; path = StatusBarButtonView.swift; sourceTree = "<group>"; };
/* End PBXFileReference section */

/* Begin PBXFrameworksBuildPhase section */
		300000000000000000000001 /* Frameworks */ = {
			isa = PBXFrameworksBuildPhase;
			buildActionMask = 2147483647;
			files = (
				E1FFE2732D919F5000716C89 /* OpenAI in Frameworks */,
			);
			runOnlyForDeploymentPostprocessing = 0;
		};
/* End PBXFrameworksBuildPhase section */

/* Begin PBXGroup section */
		200000000000000000000001 = {
			isa = PBXGroup;
			children = (
				200000000000000000000003 /* Kwisper */,
				200000000000000000000002 /* Products */,
			);
			sourceTree = "<group>";
		};
		200000000000000000000002 /* Products */ = {
			isa = PBXGroup;
			children = (
				400000000000000000000001 /* Kwisper.app */,
			);
			name = Products;
			sourceTree = "<group>";
		};
		200000000000000000000003 /* Kwisper */ = {
			isa = PBXGroup;
			children = (
				E1CC77D02D9327E000357D77 /* Kwisper.entitlements */,
				E1CC77A82D93154D00357D77 /* App */,
				E1CC77AB2D93154D00357D77 /* Config */,
				E1CC77B42D93154D00357D77 /* Core */,
				E1CC77B72D93154D00357D77 /* Resources */,
				E1CC77BE2D93154D00357D77 /* UI */,
				600000000000000000000008 /* Info.plist */,
			);
			path = Kwisper;
			sourceTree = "<group>";
		};
		E1CC77A82D93154D00357D77 /* App */ = {
			isa = PBXGroup;
			children = (
				E1CC77A42D93154D00357D77 /* AppDelegate.swift */,
				E1CC77A52D93154D00357D77 /* AppDelegate+Extension.swift */,
				E1CC77A62D93154D00357D77 /* KwisperApp.swift */,
			);
			path = App;
			sourceTree = "<group>";
		};
		E1CC77AB2D93154D00357D77 /* Config */ = {
			isa = PBXGroup;
			children = (
				E1CC77AA2D93154D00357D77 /* config.json */,
			);
			path = Config;
			sourceTree = "<group>";
		};
		E1CC77AD2D93154D00357D77 /* Models */ = {
			isa = PBXGroup;
			children = (
				E1CC77AC2D93154D00357D77 /* Models.swift */,
			);
			path = Models;
			sourceTree = "<group>";
		};
		E1CC77B12D93154D00357D77 /* Services */ = {
			isa = PBXGroup;
			children = (
				E1CC77AE2D93154D00357D77 /* AudioRecorder.swift */,
				E1CC77AF2D93154D00357D77 /* KeyboardMonitor.swift */,
				E1CC77B02D93154D00357D77 /* TranscriptionManager.swift */,
			);
			path = Services;
			sourceTree = "<group>";
		};
		E1CC77B32D93154D00357D77 /* Utils */ = {
			isa = PBXGroup;
			children = (
				E1CC77B22D93154D00357D77 /* KeyCodeDebugger.swift */,
			);
			path = Utils;
			sourceTree = "<group>";
		};
		E1CC77B42D93154D00357D77 /* Core */ = {
			isa = PBXGroup;
			children = (
				E1CC77AD2D93154D00357D77 /* Models */,
				E1CC77B12D93154D00357D77 /* Services */,
				E1CC77B32D93154D00357D77 /* Utils */,
			);
			path = Core;
			sourceTree = "<group>";
		};
		E1CC77B72D93154D00357D77 /* Resources */ = {
			isa = PBXGroup;
			children = (
				E1CC77B52D93154D00357D77 /* Assets.xcassets */,
				E1CC77B62D93154D00357D77 /* Info.plist */,
			);
			path = Resources;
			sourceTree = "<group>";
		};
		E1CC77B92D93154D00357D77 /* Settings */ = {
			isa = PBXGroup;
			children = (
				E1CC77B82D93154D00357D77 /* SettingsView.swift */,
			);
			path = Settings;
			sourceTree = "<group>";
		};
		E1CC77BC2D93154D00357D77 /* StatusBar */ = {
			isa = PBXGroup;
			children = (
				E1CC77BA2D93154D00357D77 /* StatusBarManager.swift */,
				E1CC77D32D93658800357D77 /* StatusBarButtonView.swift */,
				E1CC77BB2D93154D00357D77 /* StatusBarOverlayWindow.swift */,
			);
			path = StatusBar;
			sourceTree = "<group>";
		};
		E1CC77BE2D93154D00357D77 /* UI */ = {
			isa = PBXGroup;
			children = (
				E1CC77B92D93154D00357D77 /* Settings */,
				E1CC77BC2D93154D00357D77 /* StatusBar */,
				E1CC77BD2D93154D00357D77 /* ContentView.swift */,
			);
			path = UI;
			sourceTree = "<group>";
		};
/* End PBXGroup section */

/* Begin PBXNativeTarget section */
		100000000000000000000001 /* Kwisper */ = {
			isa = PBXNativeTarget;
			buildConfigurationList = 100000000000000000000003 /* Build configuration list for PBXNativeTarget "Kwisper" */;
			buildPhases = (
				100000000000000000000002 /* Sources */,
				300000000000000000000001 /* Frameworks */,
				100000000000000000000004 /* Resources */,
			);
			buildRules = (
			);
			dependencies = (
			);
			name = Kwisper;
			packageProductDependencies = (
				E1FFE2722D919F5000716C89 /* OpenAI */,
			);
			productName = KwisperSwift;
			productReference = 400000000000000000000001 /* Kwisper.app */;
			productType = "com.apple.product-type.application";
		};
/* End PBXNativeTarget section */

/* Begin PBXProject section */
		100000000000000000000005 /* Project object */ = {
			isa = PBXProject;
			attributes = {
				BuildIndependentTargetsInParallel = 1;
				LastSwiftUpdateCheck = 1500;
				LastUpgradeCheck = 1500;
				TargetAttributes = {
					100000000000000000000001 = {
						CreatedOnToolsVersion = 15.0;
					};
				};
			};
			buildConfigurationList = 100000000000000000000006 /* Build configuration list for PBXProject "Kwisper" */;
			compatibilityVersion = "Xcode 14.0";
			developmentRegion = en;
			hasScannedForEncodings = 0;
			knownRegions = (
				en,
				Base,
			);
			mainGroup = 200000000000000000000001;
			packageReferences = (
				E1FFE2712D919F5000716C89 /* XCRemoteSwiftPackageReference "OpenAI" */,
			);
			productRefGroup = 200000000000000000000002 /* Products */;
			projectDirPath = "";
			projectRoot = "";
			targets = (
				100000000000000000000001 /* Kwisper */,
			);
		};
/* End PBXProject section */

/* Begin PBXResourcesBuildPhase section */
		100000000000000000000004 /* Resources */ = {
			isa = PBXResourcesBuildPhase;
			buildActionMask = 2147483647;
			files = (
				E1CC77CC2D93154D00357D77 /* config.json in Resources */,
				E1CC77CE2D93154D00357D77 /* Info.plist in Resources */,
				E1CC77CF2D93154D00357D77 /* Assets.xcassets in Resources */,
			);
			runOnlyForDeploymentPostprocessing = 0;
		};
/* End PBXResourcesBuildPhase section */

/* Begin PBXSourcesBuildPhase section */
		100000000000000000000002 /* Sources */ = {
			isa = PBXSourcesBuildPhase;
			buildActionMask = 2147483647;
			files = (
				E1CC77C02D93154D00357D77 /* ContentView.swift in Sources */,
				E1CC77C12D93154D00357D77 /* TranscriptionManager.swift in Sources */,
				E1CC77C22D93154D00357D77 /* AudioRecorder.swift in Sources */,
				E1CC77C32D93154D00357D77 /* KeyboardMonitor.swift in Sources */,
				E1CC77C42D93154D00357D77 /* StatusBarOverlayWindow.swift in Sources */,
				E1CC77C52D93154D00357D77 /* Models.swift in Sources */,
				E1CC77C62D93154D00357D77 /* AppDelegate.swift in Sources */,
				E1CC77D42D93658800357D77 /* StatusBarButtonView.swift in Sources */,
				E1CC77C72D93154D00357D77 /* SettingsView.swift in Sources */,
				E1CC77C82D93154D00357D77 /* StatusBarManager.swift in Sources */,
				E1CC77C92D93154D00357D77 /* AppDelegate+Extension.swift in Sources */,
				E1CC77CA2D93154D00357D77 /* KeyCodeDebugger.swift in Sources */,
				E1CC77CB2D93154D00357D77 /* KwisperApp.swift in Sources */,
			);
			runOnlyForDeploymentPostprocessing = 0;
		};
/* End PBXSourcesBuildPhase section */

/* Begin XCBuildConfiguration section */
		700000000000000000000001 /* Debug */ = {
			isa = XCBuildConfiguration;
			buildSettings = {
				ALWAYS_SEARCH_USER_PATHS = NO;
				ASSETCATALOG_COMPILER_GENERATE_SWIFT_ASSET_SYMBOL_EXTENSIONS = YES;
				CLANG_ANALYZER_NONNULL = YES;
				CLANG_ANALYZER_NUMBER_OBJECT_CONVERSION = YES_AGGRESSIVE;
				CLANG_CXX_LANGUAGE_STANDARD = "gnu++20";
				CLANG_ENABLE_MODULES = YES;
				CLANG_ENABLE_OBJC_ARC = YES;
				CLANG_ENABLE_OBJC_WEAK = YES;
				CLANG_WARN_BLOCK_CAPTURE_AUTORELEASING = YES;
				CLANG_WARN_BOOL_CONVERSION = YES;
				CLANG_WARN_COMMA = YES;
				CLANG_WARN_CONSTANT_CONVERSION = YES;
				CLANG_WARN_DEPRECATED_OBJC_IMPLEMENTATIONS = YES;
				CLANG_WARN_DIRECT_OBJC_ISA_USAGE = YES_ERROR;
				CLANG_WARN_DOCUMENTATION_COMMENTS = YES;
				CLANG_WARN_EMPTY_BODY = YES;
				CLANG_WARN_ENUM_CONVERSION = YES;
				CLANG_WARN_INFINITE_RECURSION = YES;
				CLANG_WARN_INT_CONVERSION = YES;
				CLANG_WARN_NON_LITERAL_NULL_CONVERSION = YES;
				CLANG_WARN_OBJC_IMPLICIT_RETAIN_SELF = YES;
				CLANG_WARN_OBJC_LITERAL_CONVERSION = YES;
				CLANG_WARN_OBJC_ROOT_CLASS = YES_ERROR;
				CLANG_WARN_QUOTED_INCLUDE_IN_FRAMEWORK_HEADER = YES;
				CLANG_WARN_RANGE_LOOP_ANALYSIS = YES;
				CLANG_WARN_STRICT_PROTOTYPES = YES;
				CLANG_WARN_SUSPICIOUS_MOVE = YES;
				CLANG_WARN_UNGUARDED_AVAILABILITY = YES_AGGRESSIVE;
				CLANG_WARN_UNREACHABLE_CODE = YES;
				CLANG_WARN__DUPLICATE_METHOD_MATCH = YES;
				COPY_PHASE_STRIP = NO;
				DEBUG_INFORMATION_FORMAT = dwarf;
				ENABLE_STRICT_OBJC_MSGSEND = YES;
				ENABLE_TESTABILITY = YES;
				ENABLE_USER_SCRIPT_SANDBOXING = YES;
				GCC_C_LANGUAGE_STANDARD = gnu17;
				GCC_DYNAMIC_NO_PIC = NO;
				GCC_NO_COMMON_BLOCKS = YES;
				GCC_OPTIMIZATION_LEVEL = 0;
				GCC_PREPROCESSOR_DEFINITIONS = (
					"DEBUG=1",
					"$(inherited)",
				);
				GCC_WARN_64_TO_32_BIT_CONVERSION = YES;
				GCC_WARN_ABOUT_RETURN_TYPE = YES_ERROR;
				GCC_WARN_UNDECLARED_SELECTOR = YES;
				GCC_WARN_UNINITIALIZED_AUTOS = YES_AGGRESSIVE;
				GCC_WARN_UNUSED_FUNCTION = YES;
				GCC_WARN_UNUSED_VARIABLE = YES;
				LOCALIZATION_PREFERS_STRING_CATALOGS = YES;
				MACOSX_DEPLOYMENT_TARGET = 14.0;
				MTL_ENABLE_DEBUG_INFO = INCLUDE_SOURCE;
				MTL_FAST_MATH = YES;
				ONLY_ACTIVE_ARCH = YES;
				SDKROOT = macosx;
				SWIFT_ACTIVE_COMPILATION_CONDITIONS = "DEBUG $(inherited)";
				SWIFT_OPTIMIZATION_LEVEL = "-Onone";
			};
			name = Debug;
		};
		700000000000000000000002 /* Release */ = {
			isa = XCBuildConfiguration;
			buildSettings = {
				ALWAYS_SEARCH_USER_PATHS = NO;
				ASSETCATALOG_COMPILER_GENERATE_SWIFT_ASSET_SYMBOL_EXTENSIONS = YES;
				CLANG_ANALYZER_NONNULL = YES;
				CLANG_ANALYZER_NUMBER_OBJECT_CONVERSION = YES_AGGRESSIVE;
				CLANG_CXX_LANGUAGE_STANDARD = "gnu++20";
				CLANG_ENABLE_MODULES = YES;
				CLANG_ENABLE_OBJC_ARC = YES;
				CLANG_ENABLE_OBJC_WEAK = YES;
				CLANG_WARN_BLOCK_CAPTURE_AUTORELEASING = YES;
				CLANG_WARN_BOOL_CONVERSION = YES;
				CLANG_WARN_COMMA = YES;
				CLANG_WARN_CONSTANT_CONVERSION = YES;
				CLANG_WARN_DEPRECATED_OBJC_IMPLEMENTATIONS = YES;
				CLANG_WARN_DIRECT_OBJC_ISA_USAGE = YES_ERROR;
				CLANG_WARN_DOCUMENTATION_COMMENTS = YES;
				CLANG_WARN_EMPTY_BODY = YES;
				CLANG_WARN_ENUM_CONVERSION = YES;
				CLANG_WARN_INFINITE_RECURSION = YES;
				CLANG_WARN_INT_CONVERSION = YES;
				CLANG_WARN_NON_LITERAL_NULL_CONVERSION = YES;
				CLANG_WARN_OBJC_IMPLICIT_RETAIN_SELF = YES;
				CLANG_WARN_OBJC_LITERAL_CONVERSION = YES;
				CLANG_WARN_OBJC_ROOT_CLASS = YES_ERROR;
				CLANG_WARN_QUOTED_INCLUDE_IN_FRAMEWORK_HEADER = YES;
				CLANG_WARN_RANGE_LOOP_ANALYSIS = YES;
				CLANG_WARN_STRICT_PROTOTYPES = YES;
				CLANG_WARN_SUSPICIOUS_MOVE = YES;
				CLANG_WARN_UNGUARDED_AVAILABILITY = YES_AGGRESSIVE;
				CLANG_WARN_UNREACHABLE_CODE = YES;
				CLANG_WARN__DUPLICATE_METHOD_MATCH = YES;
				COPY_PHASE_STRIP = NO;
				DEBUG_INFORMATION_FORMAT = "dwarf-with-dsym";
				ENABLE_NS_ASSERTIONS = NO;
				ENABLE_STRICT_OBJC_MSGSEND = YES;
				ENABLE_USER_SCRIPT_SANDBOXING = YES;
				GCC_C_LANGUAGE_STANDARD = gnu17;
				GCC_NO_COMMON_BLOCKS = YES;
				GCC_WARN_64_TO_32_BIT_CONVERSION = YES;
				GCC_WARN_ABOUT_RETURN_TYPE = YES_ERROR;
				GCC_WARN_UNDECLARED_SELECTOR = YES;
				GCC_WARN_UNINITIALIZED_AUTOS = YES_AGGRESSIVE;
				GCC_WARN_UNUSED_FUNCTION = YES;
				GCC_WARN_UNUSED_VARIABLE = YES;
				LOCALIZATION_PREFERS_STRING_CATALOGS = YES;
				MACOSX_DEPLOYMENT_TARGET = 14.0;
				MTL_ENABLE_DEBUG_INFO = NO;
				MTL_FAST_MATH = YES;
				SDKROOT = macosx;
				SWIFT_COMPILATION_MODE = wholemodule;
			};
			name = Release;
		};
		800000000000000000000001 /* Debug */ = {
			isa = XCBuildConfiguration;
			buildSettings = {
				ASSETCATALOG_COMPILER_APPICON_NAME = AppIcon;
				ASSETCATALOG_COMPILER_GLOBAL_ACCENT_COLOR_NAME = AccentColor;
				CODE_SIGN_ENTITLEMENTS = "Kwisper/Kwisper-Debug.entitlements";
				CODE_SIGN_IDENTITY = "-";
				CODE_SIGN_STYLE = Automatic;
				COMBINE_HIDPI_IMAGES = YES;
				CURRENT_PROJECT_VERSION = 1;
				ENABLE_HARDENED_RUNTIME = NO;
				GENERATE_INFOPLIST_FILE = YES;
				INFOPLIST_FILE = Kwisper/Info.plist;
				INFOPLIST_KEY_CFBundleDisplayName = Kwisper;
				INFOPLIST_KEY_LSUIElement = YES;
				INFOPLIST_KEY_NSHumanReadableCopyright = "";
				INFOPLIST_KEY_NSMicrophoneUsageDescription = "Kwisper needs microphone access to record audio for transcription.";
				INFOPLIST_KEY_NSPrincipalClass = NSApplication;
				LD_RUNPATH_SEARCH_PATHS = (
					"$(inherited)",
					"@executable_path/../Frameworks",
				);
				MARKETING_VERSION = 1.0;
				PRODUCT_BUNDLE_IDENTIFIER = com.kaiiserni.Kwisper.debug;
				PRODUCT_NAME = "$(TARGET_NAME)";
				SWIFT_EMIT_LOC_STRINGS = YES;
				SWIFT_VERSION = 5.0;
			};
			name = Debug;
		};
		800000000000000000000002 /* Release */ = {
			isa = XCBuildConfiguration;
			buildSettings = {
				ASSETCATALOG_COMPILER_APPICON_NAME = AppIcon;
				ASSETCATALOG_COMPILER_GLOBAL_ACCENT_COLOR_NAME = AccentColor;
				CODE_SIGN_ENTITLEMENTS = Kwisper/Kwisper.entitlements;
				CODE_SIGN_STYLE = Automatic;
				COMBINE_HIDPI_IMAGES = YES;
				CURRENT_PROJECT_VERSION = 1;
				GENERATE_INFOPLIST_FILE = YES;
				INFOPLIST_FILE = Kwisper/Info.plist;
				INFOPLIST_KEY_CFBundleDisplayName = Kwisper;
				INFOPLIST_KEY_LSUIElement = YES;
				INFOPLIST_KEY_NSHumanReadableCopyright = "";
				INFOPLIST_KEY_NSMicrophoneUsageDescription = "Kwisper needs microphone access to record audio for transcription.";
				INFOPLIST_KEY_NSPrincipalClass = NSApplication;
				LD_RUNPATH_SEARCH_PATHS = (
					"$(inherited)",
					"@executable_path/../Frameworks",
				);
				MARKETING_VERSION = 1.0;
				PRODUCT_BUNDLE_IDENTIFIER = com.kaiiserni.Kwisper;
				PRODUCT_NAME = "$(TARGET_NAME)";
				SWIFT_EMIT_LOC_STRINGS = YES;
				SWIFT_VERSION = 5.0;
			};
			name = Release;
		};
/* End XCBuildConfiguration section */

/* Begin XCConfigurationList section */
		100000000000000000000003 /* Build configuration list for PBXNativeTarget "Kwisper" */ = {
			isa = XCConfigurationList;
			buildConfigurations = (
				800000000000000000000001 /* Debug */,
				800000000000000000000002 /* Release */,
			);
			defaultConfigurationIsVisible = 0;
			defaultConfigurationName = Release;
		};
		100000000000000000000006 /* Build configuration list for PBXProject "Kwisper" */ = {
			isa = XCConfigurationList;
			buildConfigurations = (
				700000000000000000000001 /* Debug */,
				700000000000000000000002 /* Release */,
			);
			defaultConfigurationIsVisible = 0;
			defaultConfigurationName = Release;
		};
/* End XCConfigurationList section */

/* Begin XCRemoteSwiftPackageReference section */
		E1FFE2712D919F5000716C89 /* XCRemoteSwiftPackageReference "OpenAI" */ = {
			isa = XCRemoteSwiftPackageReference;
			repositoryURL = "https://github.com/MacPaw/OpenAI.git";
			requirement = {
				kind = upToNextMajorVersion;
				minimumVersion = 0.3.7;
			};
		};
/* End XCRemoteSwiftPackageReference section */

/* Begin XCSwiftPackageProductDependency section */
		E1FFE2722D919F5000716C89 /* OpenAI */ = {
			isa = XCSwiftPackageProductDependency;
			package = E1FFE2712D919F5000716C89 /* XCRemoteSwiftPackageReference "OpenAI" */;
			productName = OpenAI;
		};
/* End XCSwiftPackageProductDependency section */
	};
	rootObject = 100000000000000000000005 /* Project object */;
}
